
Microsoft Visual Studio Solution File, Format Version 12.00
Project("{FAE04EC0-301F-11D3-BF4B-00C04F79EFBC}") = "Models", "Models\Models.csproj", "{DCD2BF7A-D41F-429C-BCDC-A2A28F2B23D5}"
EndProject
Project("{FAE04EC0-301F-11D3-BF4B-00C04F79EFBC}") = "MathHelpers", "MathHelpers\MathHelpers.csproj", "{35EE5141-3E2C-4D5B-84C7-E74425A1B659}"
EndProject
Global
	GlobalSection(SolutionConfigurationPlatforms) = preSolution
		Debug|Any CPU = Debug|Any CPU
		Release|Any CPU = Release|Any CPU
	EndGlobalSection
	GlobalSection(ProjectConfigurationPlatforms) = postSolution
		{DCD2BF7A-D41F-429C-BCDC-A2A28F2B23D5}.Debug|Any CPU.ActiveCfg = Debug|Any CPU
		{DCD2BF7A-D41F-429C-BCDC-A2A28F2B23D5}.Debug|Any CPU.Build.0 = Debug|Any CPU
		{DCD2BF7A-D41F-429C-BCDC-A2A28F2B23D5}.Release|Any CPU.ActiveCfg = Release|Any CPU
		{DCD2BF7A-D41F-429C-BCDC-A2A28F2B23D5}.Release|Any CPU.Build.0 = Release|Any CPU
		{35EE5141-3E2C-4D5B-84C7-E74425A1B659}.Debug|Any CPU.ActiveCfg = Debug|Any CPU
		{35EE5141-3E2C-4D5B-84C7-E74425A1B659}.Debug|Any CPU.Build.0 = Debug|Any CPU
		{35EE5141-3E2C-4D5B-84C7-E74425A1B659}.Release|Any CPU.ActiveCfg = Release|Any CPU
		{35EE5141-3E2C-4D5B-84C7-E74425A1B659}.Release|Any CPU.Build.0 = Release|Any CPU
	EndGlobalSection
EndGlobal
